
Microsoft Visual Studio Solution File, Format Version 12.00
# Visual Studio Version 17
VisualStudioVersion = 17.7.34202.233
MinimumVisualStudioVersion = 10.0.40219.1
Project("{FAE04EC0-301F-11D3-BF4B-00C04F79EFBC}") = "MuiltiTenant", "MuiltiTenant\MuiltiTenant.csproj", "{F94C21D2-CC32-49A5-9C08-ADCE4DC7CF7D}"
EndProject
Global
	GlobalSection(SolutionConfigurationPlatforms) = preSolution
		Debug|Any CPU = Debug|Any CPU
		Release|Any CPU = Release|Any CPU
	EndGlobalSection
	GlobalSection(ProjectConfigurationPlatforms) = postSolution
		{F94C21D2-CC32-49A5-9C08-ADCE4DC7CF7D}.Debug|Any CPU.ActiveCfg = Debug|Any CPU
		{F94C21D2-CC32-49A5-9C08-ADCE4DC7CF7D}.Debug|Any CPU.Build.0 = Debug|Any CPU
		{F94C21D2-CC32-49A5-9C08-ADCE4DC7CF7D}.Release|Any CPU.ActiveCfg = Release|Any CPU
		{F94C21D2-CC32-49A5-9C08-ADCE4DC7CF7D}.Release|Any CPU.Build.0 = Release|Any CPU
	EndGlobalSection
	GlobalSection(SolutionProperties) = preSolution
		HideSolutionNode = FALSE
	EndGlobalSection
	GlobalSection(ExtensibilityGlobals) = postSolution
		SolutionGuid = {74904022-E355-4272-B4B8-9FF0AC260292}
	EndGlobalSection
EndGlobal
